
Microsoft Visual Studio Solution File, Format Version 12.00
# Visual Studio 15
Project("{FAE04EC0-301F-11D3-BF4B-00C04F79EFBC}") = "Siccity.GLTFUtility", "Siccity.GLTFUtility.csproj", "{A3E256B7-D4CC-C0E4-8015-B9A0164FC38D}"
EndProject
Project("{FAE04EC0-301F-11D3-BF4B-00C04F79EFBC}") = "Siccity.GLTFUtility.Editor", "Siccity.GLTFUtility.Editor.csproj", "{C1B98F2C-599F-2A94-EF52-8A6645918EFB}"
EndProject
Project("{FAE04EC0-301F-11D3-BF4B-00C04F79EFBC}") = "Dracodec", "Dracodec.csproj", "{D3D3351D-59BA-4069-14E0-7663B14ED5B5}"
EndProject
Global
	GlobalSection(SolutionConfigurationPlatforms) = preSolution
		Debug|Any CPU = Debug|Any CPU
		Release|Any CPU = Release|Any CPU
	EndGlobalSection
	GlobalSection(ProjectConfigurationPlatforms) = postSolution
		{A3E256B7-D4CC-C0E4-8015-B9A0164FC38D}.Debug|Any CPU.ActiveCfg = Debug|Any CPU
		{A3E256B7-D4CC-C0E4-8015-B9A0164FC38D}.Debug|Any CPU.Build.0 = Debug|Any CPU
		{A3E256B7-D4CC-C0E4-8015-B9A0164FC38D}.Release|Any CPU.ActiveCfg = Release|Any CPU
		{A3E256B7-D4CC-C0E4-8015-B9A0164FC38D}.Release|Any CPU.Build.0 = Release|Any CPU
		{C1B98F2C-599F-2A94-EF52-8A6645918EFB}.Debug|Any CPU.ActiveCfg = Debug|Any CPU
		{C1B98F2C-599F-2A94-EF52-8A6645918EFB}.Debug|Any CPU.Build.0 = Debug|Any CPU
		{C1B98F2C-599F-2A94-EF52-8A6645918EFB}.Release|Any CPU.ActiveCfg = Release|Any CPU
		{C1B98F2C-599F-2A94-EF52-8A6645918EFB}.Release|Any CPU.Build.0 = Release|Any CPU
		{D3D3351D-59BA-4069-14E0-7663B14ED5B5}.Debug|Any CPU.ActiveCfg = Debug|Any CPU
		{D3D3351D-59BA-4069-14E0-7663B14ED5B5}.Debug|Any CPU.Build.0 = Debug|Any CPU
		{D3D3351D-59BA-4069-14E0-7663B14ED5B5}.Release|Any CPU.ActiveCfg = Release|Any CPU
		{D3D3351D-59BA-4069-14E0-7663B14ED5B5}.Release|Any CPU.Build.0 = Release|Any CPU
	EndGlobalSection
	GlobalSection(SolutionProperties) = preSolution
		HideSolutionNode = FALSE
	EndGlobalSection
EndGlobal
